
Microsoft Visual Studio Solution File, Format Version 12.00
# Visual Studio 2013
VisualStudioVersion = 12.0.31101.0
MinimumVisualStudioVersion = 10.0.40219.1
Project("{FAE04EC0-301F-11D3-BF4B-00C04F79EFBC}") = "Serilog.Sinks.Splunk", "src\Serilog.Sinks.Splunk\Serilog.Sinks.Splunk.csproj", "{1493ABC3-811C-46C7-92ED-CEB7567FB588}"
EndProject
Project("{FAE04EC0-301F-11D3-BF4B-00C04F79EFBC}") = "Serilog.Sinks.Splunk.FullNetFx", "src\Serilog.Sinks.Splunk.FullNetFx\Serilog.Sinks.Splunk.FullNetFx.csproj", "{17DEED0F-F9CB-48FB-B4DC-53FB6AEE64D7}"
EndProject
Project("{2150E333-8FDC-42A3-9474-1A3956D46DE8}") = "src", "src", "{7A774CBB-A6E9-4854-B4DB-4CF860B0C1C5}"
EndProject
Project("{2150E333-8FDC-42A3-9474-1A3956D46DE8}") = "assets", "assets", "{B9B13339-749C-4098-8845-780ED4FA488A}"
	ProjectSection(SolutionItems) = preProject
		Build.ps1 = Build.ps1
		assets\CommonAssemblyInfo.cs = assets\CommonAssemblyInfo.cs
		README.md = README.md
		assets\Serilog.snk = assets\Serilog.snk
	EndProjectSection
EndProject
Project("{2150E333-8FDC-42A3-9474-1A3956D46DE8}") = ".nuget", ".nuget", "{B16AD407-36C8-4286-A3E9-CACEBF359731}"
	ProjectSection(SolutionItems) = preProject
		.nuget\packages.config = .nuget\packages.config
	EndProjectSection
EndProject
Project("{FAE04EC0-301F-11D3-BF4B-00C04F79EFBC}") = "Splunk.Client", "src\Splunk.Client\Splunk.Client.csproj", "{DE65F0D5-7753-483E-8933-E6DB22350F04}"
EndProject
Project("{FAE04EC0-301F-11D3-BF4B-00C04F79EFBC}") = "Splunk.Logging.Common", "src\Splunk.Logging.Common\Splunk.Logging.Common.csproj", "{B776A5C5-A301-472E-9D21-A62306358B2C}"
EndProject
Global
	GlobalSection(SolutionConfigurationPlatforms) = preSolution
		Debug|Any CPU = Debug|Any CPU
		Release|Any CPU = Release|Any CPU
	EndGlobalSection
	GlobalSection(ProjectConfigurationPlatforms) = postSolution
		{1493ABC3-811C-46C7-92ED-CEB7567FB588}.Debug|Any CPU.ActiveCfg = Debug|Any CPU
		{1493ABC3-811C-46C7-92ED-CEB7567FB588}.Debug|Any CPU.Build.0 = Debug|Any CPU
		{1493ABC3-811C-46C7-92ED-CEB7567FB588}.Release|Any CPU.ActiveCfg = Release|Any CPU
		{1493ABC3-811C-46C7-92ED-CEB7567FB588}.Release|Any CPU.Build.0 = Release|Any CPU
		{17DEED0F-F9CB-48FB-B4DC-53FB6AEE64D7}.Debug|Any CPU.ActiveCfg = Debug|Any CPU
		{17DEED0F-F9CB-48FB-B4DC-53FB6AEE64D7}.Debug|Any CPU.Build.0 = Debug|Any CPU
		{17DEED0F-F9CB-48FB-B4DC-53FB6AEE64D7}.Release|Any CPU.ActiveCfg = Release|Any CPU
		{17DEED0F-F9CB-48FB-B4DC-53FB6AEE64D7}.Release|Any CPU.Build.0 = Release|Any CPU
		{DE65F0D5-7753-483E-8933-E6DB22350F04}.Debug|Any CPU.ActiveCfg = Debug|Any CPU
		{DE65F0D5-7753-483E-8933-E6DB22350F04}.Debug|Any CPU.Build.0 = Debug|Any CPU
		{DE65F0D5-7753-483E-8933-E6DB22350F04}.Release|Any CPU.ActiveCfg = Release|Any CPU
		{DE65F0D5-7753-483E-8933-E6DB22350F04}.Release|Any CPU.Build.0 = Release|Any CPU
		{B776A5C5-A301-472E-9D21-A62306358B2C}.Debug|Any CPU.ActiveCfg = Debug|Any CPU
		{B776A5C5-A301-472E-9D21-A62306358B2C}.Debug|Any CPU.Build.0 = Debug|Any CPU
		{B776A5C5-A301-472E-9D21-A62306358B2C}.Release|Any CPU.ActiveCfg = Release|Any CPU
		{B776A5C5-A301-472E-9D21-A62306358B2C}.Release|Any CPU.Build.0 = Release|Any CPU
	EndGlobalSection
	GlobalSection(SolutionProperties) = preSolution
		HideSolutionNode = FALSE
	EndGlobalSection
	GlobalSection(NestedProjects) = preSolution
		{1493ABC3-811C-46C7-92ED-CEB7567FB588} = {7A774CBB-A6E9-4854-B4DB-4CF860B0C1C5}
		{17DEED0F-F9CB-48FB-B4DC-53FB6AEE64D7} = {7A774CBB-A6E9-4854-B4DB-4CF860B0C1C5}
		{DE65F0D5-7753-483E-8933-E6DB22350F04} = {7A774CBB-A6E9-4854-B4DB-4CF860B0C1C5}
		{B776A5C5-A301-472E-9D21-A62306358B2C} = {7A774CBB-A6E9-4854-B4DB-4CF860B0C1C5}
	EndGlobalSection
EndGlobal
